
Microsoft Visual Studio Solution File, Format Version 12.00
# Visual Studio 15
VisualStudioVersion = 15.0.28307.1401
MinimumVisualStudioVersion = 10.0.40219.1
Project("{FAE04EC0-301F-11D3-BF4B-00C04F79EFBC}") = "Advent.2018", "Advent.2018\Advent.2018.csproj", "{76CBAA34-3FA1-45CA-9B23-91B199D4422F}"
EndProject
Project("{FAE04EC0-301F-11D3-BF4B-00C04F79EFBC}") = "Advent.2018.Tests", "Advent.2018.Tests\Advent.2018.Tests.csproj", "{2B5B2BF5-81C9-4E51-9A49-E6D8D50D6EC7}"
EndProject
Global
	GlobalSection(SolutionConfigurationPlatforms) = preSolution
		Debug|Any CPU = Debug|Any CPU
		Release|Any CPU = Release|Any CPU
	EndGlobalSection
	GlobalSection(ProjectConfigurationPlatforms) = postSolution
		{76CBAA34-3FA1-45CA-9B23-91B199D4422F}.Debug|Any CPU.ActiveCfg = Debug|Any CPU
		{76CBAA34-3FA1-45CA-9B23-91B199D4422F}.Debug|Any CPU.Build.0 = Debug|Any CPU
		{76CBAA34-3FA1-45CA-9B23-91B199D4422F}.Release|Any CPU.ActiveCfg = Release|Any CPU
		{76CBAA34-3FA1-45CA-9B23-91B199D4422F}.Release|Any CPU.Build.0 = Release|Any CPU
		{2B5B2BF5-81C9-4E51-9A49-E6D8D50D6EC7}.Debug|Any CPU.ActiveCfg = Debug|Any CPU
		{2B5B2BF5-81C9-4E51-9A49-E6D8D50D6EC7}.Debug|Any CPU.Build.0 = Debug|Any CPU
		{2B5B2BF5-81C9-4E51-9A49-E6D8D50D6EC7}.Release|Any CPU.ActiveCfg = Release|Any CPU
		{2B5B2BF5-81C9-4E51-9A49-E6D8D50D6EC7}.Release|Any CPU.Build.0 = Release|Any CPU
	EndGlobalSection
	GlobalSection(SolutionProperties) = preSolution
		HideSolutionNode = FALSE
	EndGlobalSection
	GlobalSection(ExtensibilityGlobals) = postSolution
		SolutionGuid = {FE27DC08-2D73-4525-9C42-0A8ED820FFB7}
	EndGlobalSection
EndGlobal
